
Microsoft Visual Studio Solution File, Format Version 12.00
# Visual Studio Version 17
VisualStudioVersion = 17.13.35828.75
MinimumVisualStudioVersion = 10.0.40219.1
Project("{8BC9CEB8-8B4A-11D0-8D11-00A0C91BC942}") = "Chap01", "Chap01\Chap01.vcxproj", "{A4B3CCC9-DA38-41E3-87E4-9120E2338B1F}"
EndProject
Project("{8BC9CEB8-8B4A-11D0-8D11-00A0C91BC942}") = "Chap02", "Chap02\Chap02.vcxproj", "{D35A9FC8-D3C6-4810-895B-44000992724E}"
EndProject
Project("{8BC9CEB8-8B4A-11D0-8D11-00A0C91BC942}") = "Chap03", "Chap03\Chap03.vcxproj", "{BE8E97DE-4AAA-493D-BD17-183E4A802813}"
EndProject
Project("{8BC9CEB8-8B4A-11D0-8D11-00A0C91BC942}") = "Chap04", "Chap04\Chap04.vcxproj", "{920B5C26-812F-49FB-9EF1-363DAAE83049}"
EndProject
Project("{8BC9CEB8-8B4A-11D0-8D11-00A0C91BC942}") = "Chap05", "Chap05\Chap05.vcxproj", "{716D69E9-1692-4917-AEF3-3D40BC39FAF3}"
EndProject
Project("{8BC9CEB8-8B4A-11D0-8D11-00A0C91BC942}") = "Chap06", "Chap06\Chap06.vcxproj", "{782B0A10-5C40-4FED-99ED-CA4128869697}"
EndProject
Project("{8BC9CEB8-8B4A-11D0-8D11-00A0C91BC942}") = "Chap07", "Chap07\Chap07.vcxproj", "{9ACC9CAD-EDD4-484F-B3B3-164E5764E8F8}"
EndProject
Project("{8BC9CEB8-8B4A-11D0-8D11-00A0C91BC942}") = "실습", "실습\실습.vcxproj", "{0FEC5773-6971-44AD-A8E2-1841ADC96A1A}"
EndProject
Project("{8BC9CEB8-8B4A-11D0-8D11-00A0C91BC942}") = "Chap10", "Chap10\Chap10.vcxproj", "{228B4ED0-6C13-42D0-AEE9-1725EDE1A3D6}"
EndProject
Global
	GlobalSection(SolutionConfigurationPlatforms) = preSolution
		Debug|x64 = Debug|x64
		Debug|x86 = Debug|x86
		Release|x64 = Release|x64
		Release|x86 = Release|x86
	EndGlobalSection
	GlobalSection(ProjectConfigurationPlatforms) = postSolution
		{A4B3CCC9-DA38-41E3-87E4-9120E2338B1F}.Debug|x64.ActiveCfg = Debug|x64
		{A4B3CCC9-DA38-41E3-87E4-9120E2338B1F}.Debug|x64.Build.0 = Debug|x64
		{A4B3CCC9-DA38-41E3-87E4-9120E2338B1F}.Debug|x86.ActiveCfg = Debug|Win32
		{A4B3CCC9-DA38-41E3-87E4-9120E2338B1F}.Debug|x86.Build.0 = Debug|Win32
		{A4B3CCC9-DA38-41E3-87E4-9120E2338B1F}.Release|x64.ActiveCfg = Release|x64
		{A4B3CCC9-DA38-41E3-87E4-9120E2338B1F}.Release|x64.Build.0 = Release|x64
		{A4B3CCC9-DA38-41E3-87E4-9120E2338B1F}.Release|x86.ActiveCfg = Release|Win32
		{A4B3CCC9-DA38-41E3-87E4-9120E2338B1F}.Release|x86.Build.0 = Release|Win32
		{D35A9FC8-D3C6-4810-895B-44000992724E}.Debug|x64.ActiveCfg = Debug|x64
		{D35A9FC8-D3C6-4810-895B-44000992724E}.Debug|x64.Build.0 = Debug|x64
		{D35A9FC8-D3C6-4810-895B-44000992724E}.Debug|x86.ActiveCfg = Debug|Win32
		{D35A9FC8-D3C6-4810-895B-44000992724E}.Debug|x86.Build.0 = Debug|Win32
		{D35A9FC8-D3C6-4810-895B-44000992724E}.Release|x64.ActiveCfg = Release|x64
		{D35A9FC8-D3C6-4810-895B-44000992724E}.Release|x64.Build.0 = Release|x64
		{D35A9FC8-D3C6-4810-895B-44000992724E}.Release|x86.ActiveCfg = Release|Win32
		{D35A9FC8-D3C6-4810-895B-44000992724E}.Release|x86.Build.0 = Release|Win32
		{BE8E97DE-4AAA-493D-BD17-183E4A802813}.Debug|x64.ActiveCfg = Debug|x64
		{BE8E97DE-4AAA-493D-BD17-183E4A802813}.Debug|x64.Build.0 = Debug|x64
		{BE8E97DE-4AAA-493D-BD17-183E4A802813}.Debug|x86.ActiveCfg = Debug|Win32
		{BE8E97DE-4AAA-493D-BD17-183E4A802813}.Debug|x86.Build.0 = Debug|Win32
		{BE8E97DE-4AAA-493D-BD17-183E4A802813}.Release|x64.ActiveCfg = Release|x64
		{BE8E97DE-4AAA-493D-BD17-183E4A802813}.Release|x64.Build.0 = Release|x64
		{BE8E97DE-4AAA-493D-BD17-183E4A802813}.Release|x86.ActiveCfg = Release|Win32
		{BE8E97DE-4AAA-493D-BD17-183E4A802813}.Release|x86.Build.0 = Release|Win32
		{920B5C26-812F-49FB-9EF1-363DAAE83049}.Debug|x64.ActiveCfg = Debug|x64
		{920B5C26-812F-49FB-9EF1-363DAAE83049}.Debug|x64.Build.0 = Debug|x64
		{920B5C26-812F-49FB-9EF1-363DAAE83049}.Debug|x86.ActiveCfg = Debug|Win32
		{920B5C26-812F-49FB-9EF1-363DAAE83049}.Debug|x86.Build.0 = Debug|Win32
		{920B5C26-812F-49FB-9EF1-363DAAE83049}.Release|x64.ActiveCfg = Release|x64
		{920B5C26-812F-49FB-9EF1-363DAAE83049}.Release|x64.Build.0 = Release|x64
		{920B5C26-812F-49FB-9EF1-363DAAE83049}.Release|x86.ActiveCfg = Release|Win32
		{920B5C26-812F-49FB-9EF1-363DAAE83049}.Release|x86.Build.0 = Release|Win32
		{716D69E9-1692-4917-AEF3-3D40BC39FAF3}.Debug|x64.ActiveCfg = Debug|x64
		{716D69E9-1692-4917-AEF3-3D40BC39FAF3}.Debug|x64.Build.0 = Debug|x64
		{716D69E9-1692-4917-AEF3-3D40BC39FAF3}.Debug|x86.ActiveCfg = Debug|Win32
		{716D69E9-1692-4917-AEF3-3D40BC39FAF3}.Debug|x86.Build.0 = Debug|Win32
		{716D69E9-1692-4917-AEF3-3D40BC39FAF3}.Release|x64.ActiveCfg = Release|x64
		{716D69E9-1692-4917-AEF3-3D40BC39FAF3}.Release|x64.Build.0 = Release|x64
		{716D69E9-1692-4917-AEF3-3D40BC39FAF3}.Release|x86.ActiveCfg = Release|Win32
		{716D69E9-1692-4917-AEF3-3D40BC39FAF3}.Release|x86.Build.0 = Release|Win32
		{782B0A10-5C40-4FED-99ED-CA4128869697}.Debug|x64.ActiveCfg = Debug|x64
		{782B0A10-5C40-4FED-99ED-CA4128869697}.Debug|x64.Build.0 = Debug|x64
		{782B0A10-5C40-4FED-99ED-CA4128869697}.Debug|x86.ActiveCfg = Debug|Win32
		{782B0A10-5C40-4FED-99ED-CA4128869697}.Debug|x86.Build.0 = Debug|Win32
		{782B0A10-5C40-4FED-99ED-CA4128869697}.Release|x64.ActiveCfg = Release|x64
		{782B0A10-5C40-4FED-99ED-CA4128869697}.Release|x64.Build.0 = Release|x64
		{782B0A10-5C40-4FED-99ED-CA4128869697}.Release|x86.ActiveCfg = Release|Win32
		{782B0A10-5C40-4FED-99ED-CA4128869697}.Release|x86.Build.0 = Release|Win32
		{9ACC9CAD-EDD4-484F-B3B3-164E5764E8F8}.Debug|x64.ActiveCfg = Debug|x64
		{9ACC9CAD-EDD4-484F-B3B3-164E5764E8F8}.Debug|x64.Build.0 = Debug|x64
		{9ACC9CAD-EDD4-484F-B3B3-164E5764E8F8}.Debug|x86.ActiveCfg = Debug|Win32
		{9ACC9CAD-EDD4-484F-B3B3-164E5764E8F8}.Debug|x86.Build.0 = Debug|Win32
		{9ACC9CAD-EDD4-484F-B3B3-164E5764E8F8}.Release|x64.ActiveCfg = Release|x64
		{9ACC9CAD-EDD4-484F-B3B3-164E5764E8F8}.Release|x64.Build.0 = Release|x64
		{9ACC9CAD-EDD4-484F-B3B3-164E5764E8F8}.Release|x86.ActiveCfg = Release|Win32
		{9ACC9CAD-EDD4-484F-B3B3-164E5764E8F8}.Release|x86.Build.0 = Release|Win32
		{0FEC5773-6971-44AD-A8E2-1841ADC96A1A}.Debug|x64.ActiveCfg = Debug|x64
		{0FEC5773-6971-44AD-A8E2-1841ADC96A1A}.Debug|x64.Build.0 = Debug|x64
		{0FEC5773-6971-44AD-A8E2-1841ADC96A1A}.Debug|x86.ActiveCfg = Debug|Win32
		{0FEC5773-6971-44AD-A8E2-1841ADC96A1A}.Debug|x86.Build.0 = Debug|Win32
		{0FEC5773-6971-44AD-A8E2-1841ADC96A1A}.Release|x64.ActiveCfg = Release|x64
		{0FEC5773-6971-44AD-A8E2-1841ADC96A1A}.Release|x64.Build.0 = Release|x64
		{0FEC5773-6971-44AD-A8E2-1841ADC96A1A}.Release|x86.ActiveCfg = Release|Win32
		{0FEC5773-6971-44AD-A8E2-1841ADC96A1A}.Release|x86.Build.0 = Release|Win32
		{228B4ED0-6C13-42D0-AEE9-1725EDE1A3D6}.Debug|x64.ActiveCfg = Debug|x64
		{228B4ED0-6C13-42D0-AEE9-1725EDE1A3D6}.Debug|x64.Build.0 = Debug|x64
		{228B4ED0-6C13-42D0-AEE9-1725EDE1A3D6}.Debug|x86.ActiveCfg = Debug|Win32
		{228B4ED0-6C13-42D0-AEE9-1725EDE1A3D6}.Debug|x86.Build.0 = Debug|Win32
		{228B4ED0-6C13-42D0-AEE9-1725EDE1A3D6}.Release|x64.ActiveCfg = Release|x64
		{228B4ED0-6C13-42D0-AEE9-1725EDE1A3D6}.Release|x64.Build.0 = Release|x64
		{228B4ED0-6C13-42D0-AEE9-1725EDE1A3D6}.Release|x86.ActiveCfg = Release|Win32
		{228B4ED0-6C13-42D0-AEE9-1725EDE1A3D6}.Release|x86.Build.0 = Release|Win32
	EndGlobalSection
	GlobalSection(SolutionProperties) = preSolution
		HideSolutionNode = FALSE
	EndGlobalSection
	GlobalSection(ExtensibilityGlobals) = postSolution
		SolutionGuid = {B99E06F0-AAD4-48AA-B0F5-9EB291601D67}
	EndGlobalSection
EndGlobal
